{
  "version": 4,
  "terraform_version": "0.12.29",
  "serial": 68,
  "lineage": "d73a26e7-84ab-00ec-a280-b98a6e471ae0",
  "outputs": {
    "kubeone_api": {
      "value": {
        "endpoint": "udagram-app-api-lb-1666644130.eu-west-3.elb.amazonaws.com"
      },
      "type": [
        "object",
        {
          "endpoint": "string"
        }
      ]
    },
    "kubeone_hosts": {
      "value": {
        "control_plane": {
          "bastion": "35.180.158.228",
          "bastion_port": 22,
          "bastion_user": "ubuntu",
          "cloud_provider": "aws",
          "cluster_name": "udagram-app",
          "hostnames": [
            "ip-172-31-48-9.eu-west-3.compute.internal",
            "ip-172-31-49-165.eu-west-3.compute.internal",
            "ip-172-31-50-242.eu-west-3.compute.internal"
          ],
          "private_address": [
            "172.31.48.9",
            "172.31.49.165",
            "172.31.50.242"
          ],
          "ssh_agent_socket": "env:SSH_AUTH_SOCK",
          "ssh_port": 22,
          "ssh_private_key_file": "",
          "ssh_user": "ubuntu"
        }
      },
      "type": [
        "object",
        {
          "control_plane": [
            "object",
            {
              "bastion": "string",
              "bastion_port": "number",
              "bastion_user": "string",
              "cloud_provider": "string",
              "cluster_name": "string",
              "hostnames": [
                "tuple",
                [
                  "string",
                  "string",
                  "string"
                ]
              ],
              "private_address": [
                "tuple",
                [
                  "string",
                  "string",
                  "string"
                ]
              ],
              "ssh_agent_socket": "string",
              "ssh_port": "number",
              "ssh_private_key_file": "string",
              "ssh_user": "string"
            }
          ]
        }
      ]
    },
    "kubeone_workers": {
      "value": {
        "udagram-app-eu-west-3a": {
          "providerSpec": {
            "cloudProviderSpec": {
              "ami": "ami-00f6fb16625871821",
              "assignPublicIP": true,
              "availabilityZone": "eu-west-3a",
              "diskIops": 500,
              "diskSize": 50,
              "diskType": "gp2",
              "ebsVolumeEncrypted": false,
              "instanceProfile": "udagram-app-host",
              "instanceType": "t3.medium",
              "isSpotInstance": false,
              "region": "eu-west-3",
              "securityGroupIDs": [
                "sg-007e7a7b6316b2a65"
              ],
              "subnetId": "subnet-0110b0be752c69e30",
              "tags": {
                "udagram-app-workers": ""
              },
              "vpcId": "vpc-ce1228a7"
            },
            "operatingSystem": "ubuntu",
            "operatingSystemSpec": {
              "distUpgradeOnBoot": false
            },
            "sshPublicKeys": [
              "ssh-rsa AAAAB3NzaC1yc2EAAAADAQABAAACAQDKH6ACI8+HUjgw/VK6aFVExzI0frr9L4mX5ipE4N4ORuvIkO9/AoE/qR5XOia56W9R0qqx9tUdlGxHOllw8xjUHjcZ03jxdJujdikYevuGbkOtr2wutL4h2zWTTUUQ8CDgGiKlPuke+ZA02HNWNU6CjMlen96hvlJav1ySo4CVTGUVOXy5/n0KmADn8FYAPxQ0FlTzHEfPUVBreWzV9bCuKgCd2MkwPRzXTSiglU95T6dh6XG1EC/DIW4tT4Wbzo9leKhEC7Frfej03MMBDcRLUff6Q/V6KTeQ2ZCtWNciJQDs9PiI4WHmijryugDS6vivkPLfLUkdTKgnZ7oNScd3y0lTy8Juoyt5DxUzDjJI6ashq+eoxLL5SgdqOvycdX3mZ4TVeU2ysCD+b3WxSuW403XnBtLVflSGvk2IT2Eppb+tycgxARfPSOobllbhxc5hmX21s6MmYLfl8/fORfHjkJcFssA1WggmqjcblcwtWVoVxWwef2WaSy65UPQldEJgEBPzIzjIx3hB1r2i8rwKbNRRkqR2jyB/YkHvi+te4Nosgcy3eHTV8Gz40wiHrchuBvaC0MBKhBSXMakmvJ8hELxVOWeGEHaN4YklYKNBIqAJUAtl7J0DdFbTfCxEYew/2VlUAfUmi1n5g35EnFp+xywi1cuIM/qAqjK0qCgIHQ== rickwarling@gmail.com"
            ]
          },
          "replicas": 1
        },
        "udagram-app-eu-west-3b": {
          "providerSpec": {
            "cloudProviderSpec": {
              "ami": "ami-00f6fb16625871821",
              "assignPublicIP": true,
              "availabilityZone": "eu-west-3b",
              "diskIops": 500,
              "diskSize": 50,
              "diskType": "gp2",
              "ebsVolumeEncrypted": false,
              "instanceProfile": "udagram-app-host",
              "instanceType": "t3.medium",
              "isSpotInstance": false,
              "region": "eu-west-3",
              "securityGroupIDs": [
                "sg-007e7a7b6316b2a65"
              ],
              "subnetId": "subnet-0765caca07e574b3a",
              "tags": {
                "udagram-app-workers": ""
              },
              "vpcId": "vpc-ce1228a7"
            },
            "operatingSystem": "ubuntu",
            "operatingSystemSpec": {
              "distUpgradeOnBoot": false
            },
            "sshPublicKeys": [
              "ssh-rsa AAAAB3NzaC1yc2EAAAADAQABAAACAQDKH6ACI8+HUjgw/VK6aFVExzI0frr9L4mX5ipE4N4ORuvIkO9/AoE/qR5XOia56W9R0qqx9tUdlGxHOllw8xjUHjcZ03jxdJujdikYevuGbkOtr2wutL4h2zWTTUUQ8CDgGiKlPuke+ZA02HNWNU6CjMlen96hvlJav1ySo4CVTGUVOXy5/n0KmADn8FYAPxQ0FlTzHEfPUVBreWzV9bCuKgCd2MkwPRzXTSiglU95T6dh6XG1EC/DIW4tT4Wbzo9leKhEC7Frfej03MMBDcRLUff6Q/V6KTeQ2ZCtWNciJQDs9PiI4WHmijryugDS6vivkPLfLUkdTKgnZ7oNScd3y0lTy8Juoyt5DxUzDjJI6ashq+eoxLL5SgdqOvycdX3mZ4TVeU2ysCD+b3WxSuW403XnBtLVflSGvk2IT2Eppb+tycgxARfPSOobllbhxc5hmX21s6MmYLfl8/fORfHjkJcFssA1WggmqjcblcwtWVoVxWwef2WaSy65UPQldEJgEBPzIzjIx3hB1r2i8rwKbNRRkqR2jyB/YkHvi+te4Nosgcy3eHTV8Gz40wiHrchuBvaC0MBKhBSXMakmvJ8hELxVOWeGEHaN4YklYKNBIqAJUAtl7J0DdFbTfCxEYew/2VlUAfUmi1n5g35EnFp+xywi1cuIM/qAqjK0qCgIHQ== rickwarling@gmail.com"
            ]
          },
          "replicas": 1
        },
        "udagram-app-eu-west-3c": {
          "providerSpec": {
            "cloudProviderSpec": {
              "ami": "ami-00f6fb16625871821",
              "assignPublicIP": true,
              "availabilityZone": "eu-west-3c",
              "diskIops": 500,
              "diskSize": 50,
              "diskType": "gp2",
              "ebsVolumeEncrypted": false,
              "instanceProfile": "udagram-app-host",
              "instanceType": "t3.medium",
              "isSpotInstance": false,
              "region": "eu-west-3",
              "securityGroupIDs": [
                "sg-007e7a7b6316b2a65"
              ],
              "subnetId": "subnet-059cf5579ffa65db5",
              "tags": {
                "udagram-app-workers": ""
              },
              "vpcId": "vpc-ce1228a7"
            },
            "operatingSystem": "ubuntu",
            "operatingSystemSpec": {
              "distUpgradeOnBoot": false
            },
            "sshPublicKeys": [
              "ssh-rsa AAAAB3NzaC1yc2EAAAADAQABAAACAQDKH6ACI8+HUjgw/VK6aFVExzI0frr9L4mX5ipE4N4ORuvIkO9/AoE/qR5XOia56W9R0qqx9tUdlGxHOllw8xjUHjcZ03jxdJujdikYevuGbkOtr2wutL4h2zWTTUUQ8CDgGiKlPuke+ZA02HNWNU6CjMlen96hvlJav1ySo4CVTGUVOXy5/n0KmADn8FYAPxQ0FlTzHEfPUVBreWzV9bCuKgCd2MkwPRzXTSiglU95T6dh6XG1EC/DIW4tT4Wbzo9leKhEC7Frfej03MMBDcRLUff6Q/V6KTeQ2ZCtWNciJQDs9PiI4WHmijryugDS6vivkPLfLUkdTKgnZ7oNScd3y0lTy8Juoyt5DxUzDjJI6ashq+eoxLL5SgdqOvycdX3mZ4TVeU2ysCD+b3WxSuW403XnBtLVflSGvk2IT2Eppb+tycgxARfPSOobllbhxc5hmX21s6MmYLfl8/fORfHjkJcFssA1WggmqjcblcwtWVoVxWwef2WaSy65UPQldEJgEBPzIzjIx3hB1r2i8rwKbNRRkqR2jyB/YkHvi+te4Nosgcy3eHTV8Gz40wiHrchuBvaC0MBKhBSXMakmvJ8hELxVOWeGEHaN4YklYKNBIqAJUAtl7J0DdFbTfCxEYew/2VlUAfUmi1n5g35EnFp+xywi1cuIM/qAqjK0qCgIHQ== rickwarling@gmail.com"
            ]
          },
          "replicas": 1
        }
      },
      "type": [
        "object",
        {
          "udagram-app-eu-west-3a": [
            "object",
            {
              "providerSpec": [
                "object",
                {
                  "cloudProviderSpec": [
                    "object",
                    {
                      "ami": "string",
                      "assignPublicIP": "bool",
                      "availabilityZone": "string",
                      "diskIops": "number",
                      "diskSize": "number",
                      "diskType": "string",
                      "ebsVolumeEncrypted": "bool",
                      "instanceProfile": "string",
                      "instanceType": "string",
                      "isSpotInstance": "bool",
                      "region": "string",
                      "securityGroupIDs": [
                        "tuple",
                        [
                          "string"
                        ]
                      ],
                      "subnetId": "string",
                      "tags": [
                        "object",
                        {
                          "udagram-app-workers": "string"
                        }
                      ],
                      "vpcId": "string"
                    }
                  ],
                  "operatingSystem": "string",
                  "operatingSystemSpec": [
                    "object",
                    {
                      "distUpgradeOnBoot": "bool"
                    }
                  ],
                  "sshPublicKeys": [
                    "tuple",
                    [
                      "string"
                    ]
                  ]
                }
              ],
              "replicas": "number"
            }
          ],
          "udagram-app-eu-west-3b": [
            "object",
            {
              "providerSpec": [
                "object",
                {
                  "cloudProviderSpec": [
                    "object",
                    {
                      "ami": "string",
                      "assignPublicIP": "bool",
                      "availabilityZone": "string",
                      "diskIops": "number",
                      "diskSize": "number",
                      "diskType": "string",
                      "ebsVolumeEncrypted": "bool",
                      "instanceProfile": "string",
                      "instanceType": "string",
                      "isSpotInstance": "bool",
                      "region": "string",
                      "securityGroupIDs": [
                        "tuple",
                        [
                          "string"
                        ]
                      ],
                      "subnetId": "string",
                      "tags": [
                        "object",
                        {
                          "udagram-app-workers": "string"
                        }
                      ],
                      "vpcId": "string"
                    }
                  ],
                  "operatingSystem": "string",
                  "operatingSystemSpec": [
                    "object",
                    {
                      "distUpgradeOnBoot": "bool"
                    }
                  ],
                  "sshPublicKeys": [
                    "tuple",
                    [
                      "string"
                    ]
                  ]
                }
              ],
              "replicas": "number"
            }
          ],
          "udagram-app-eu-west-3c": [
            "object",
            {
              "providerSpec": [
                "object",
                {
                  "cloudProviderSpec": [
                    "object",
                    {
                      "ami": "string",
                      "assignPublicIP": "bool",
                      "availabilityZone": "string",
                      "diskIops": "number",
                      "diskSize": "number",
                      "diskType": "string",
                      "ebsVolumeEncrypted": "bool",
                      "instanceProfile": "string",
                      "instanceType": "string",
                      "isSpotInstance": "bool",
                      "region": "string",
                      "securityGroupIDs": [
                        "tuple",
                        [
                          "string"
                        ]
                      ],
                      "subnetId": "string",
                      "tags": [
                        "object",
                        {
                          "udagram-app-workers": "string"
                        }
                      ],
                      "vpcId": "string"
                    }
                  ],
                  "operatingSystem": "string",
                  "operatingSystemSpec": [
                    "object",
                    {
                      "distUpgradeOnBoot": "bool"
                    }
                  ],
                  "sshPublicKeys": [
                    "tuple",
                    [
                      "string"
                    ]
                  ]
                }
              ],
              "replicas": "number"
            }
          ]
        }
      ]
    }
  },
  "resources": [
    {
      "mode": "data",
      "type": "aws_ami",
      "name": "ami",
      "provider": "provider.aws",
      "instances": [
        {
          "schema_version": 0,
          "attributes": {
            "architecture": "x86_64",
            "arn": "arn:aws:ec2:eu-west-3::image/ami-00f6fb16625871821",
            "block_device_mappings": [
              {
                "device_name": "/dev/sda1",
                "ebs": {
                  "delete_on_termination": "true",
                  "encrypted": "false",
                  "iops": "0",
                  "snapshot_id": "snap-04482727ad47c3a28",
                  "volume_size": "8",
                  "volume_type": "gp2"
                },
                "no_device": "",
                "virtual_name": ""
              },
              {
                "device_name": "/dev/sdb",
                "ebs": {},
                "no_device": "",
                "virtual_name": "ephemeral0"
              },
              {
                "device_name": "/dev/sdc",
                "ebs": {},
                "no_device": "",
                "virtual_name": "ephemeral1"
              }
            ],
            "creation_date": "2020-07-30T15:40:00.000Z",
            "description": "Canonical, Ubuntu, 20.04 LTS, amd64 focal image build on 2020-07-29",
            "executable_users": null,
            "filter": [
              {
                "name": "name",
                "values": [
                  "ubuntu/images/hvm-ssd/ubuntu-focal-20.04-amd64-server-*"
                ]
              },
              {
                "name": "virtualization-type",
                "values": [
                  "hvm"
                ]
              }
            ],
            "hypervisor": "xen",
            "id": "ami-00f6fb16625871821",
            "image_id": "ami-00f6fb16625871821",
            "image_location": "099720109477/ubuntu/images/hvm-ssd/ubuntu-focal-20.04-amd64-server-20200729",
            "image_owner_alias": null,
            "image_type": "machine",
            "kernel_id": null,
            "most_recent": true,
            "name": "ubuntu/images/hvm-ssd/ubuntu-focal-20.04-amd64-server-20200729",
            "name_regex": null,
            "owner_id": "099720109477",
            "owners": [
              "099720109477"
            ],
            "platform": null,
            "product_codes": [],
            "public": true,
            "ramdisk_id": null,
            "root_device_name": "/dev/sda1",
            "root_device_type": "ebs",
            "root_snapshot_id": "snap-04482727ad47c3a28",
            "sriov_net_support": "simple",
            "state": "available",
            "state_reason": {
              "code": "UNSET",
              "message": "UNSET"
            },
            "tags": {},
            "virtualization_type": "hvm"
          }
        }
      ]
    },
    {
      "mode": "data",
      "type": "aws_availability_zones",
      "name": "available",
      "provider": "provider.aws",
      "instances": [
        {
          "schema_version": 0,
          "attributes": {
            "all_availability_zones": null,
            "exclude_names": null,
            "exclude_zone_ids": null,
            "filter": null,
            "group_names": [
              "eu-west-3"
            ],
            "id": "2020-08-13 06:30:46.41587443 +0000 UTC",
            "names": [
              "eu-west-3a",
              "eu-west-3b",
              "eu-west-3c"
            ],
            "state": "available",
            "zone_ids": [
              "euw3-az1",
              "euw3-az2",
              "euw3-az3"
            ]
          }
        }
      ]
    },
    {
      "mode": "data",
      "type": "aws_internet_gateway",
      "name": "default",
      "provider": "provider.aws",
      "instances": [
        {
          "schema_version": 0,
          "attributes": {
            "arn": "arn:aws:ec2:eu-west-3:904941370038:internet-gateway/igw-bab2cbd3",
            "attachments": [
              {
                "state": "available",
                "vpc_id": "vpc-ce1228a7"
              }
            ],
            "filter": [
              {
                "name": "attachment.vpc-id",
                "values": [
                  "vpc-ce1228a7"
                ]
              }
            ],
            "id": "igw-bab2cbd3",
            "internet_gateway_id": "igw-bab2cbd3",
            "owner_id": "904941370038",
            "tags": {}
          }
        }
      ]
    },
    {
      "mode": "data",
      "type": "aws_vpc",
      "name": "selected",
      "provider": "provider.aws",
      "instances": [
        {
          "schema_version": 0,
          "attributes": {
            "arn": "arn:aws:ec2:eu-west-3:904941370038:vpc/vpc-ce1228a7",
            "cidr_block": "172.31.0.0/16",
            "cidr_block_associations": [
              {
                "association_id": "vpc-cidr-assoc-7cc32f14",
                "cidr_block": "172.31.0.0/16",
                "state": "associated"
              }
            ],
            "default": true,
            "dhcp_options_id": "dopt-723a391b",
            "enable_dns_hostnames": true,
            "enable_dns_support": true,
            "filter": null,
            "id": "vpc-ce1228a7",
            "instance_tenancy": "default",
            "ipv6_association_id": null,
            "ipv6_cidr_block": null,
            "main_route_table_id": "rtb-3db0bb54",
            "owner_id": "904941370038",
            "state": "available",
            "tags": {}
          }
        }
      ]
    },
    {
      "mode": "managed",
      "type": "aws_default_vpc",
      "name": "default",
      "provider": "provider.aws",
      "instances": [
        {
          "schema_version": 1,
          "attributes": {
            "arn": "arn:aws:ec2:eu-west-3:904941370038:vpc/vpc-ce1228a7",
            "assign_generated_ipv6_cidr_block": false,
            "cidr_block": "172.31.0.0/16",
            "default_network_acl_id": "acl-3ea1ad57",
            "default_route_table_id": "rtb-3db0bb54",
            "default_security_group_id": "sg-6226df0f",
            "dhcp_options_id": "dopt-723a391b",
            "enable_classiclink": null,
            "enable_classiclink_dns_support": null,
            "enable_dns_hostnames": true,
            "enable_dns_support": true,
            "id": "vpc-ce1228a7",
            "instance_tenancy": "default",
            "ipv6_association_id": "",
            "ipv6_cidr_block": "",
            "main_route_table_id": "rtb-3db0bb54",
            "owner_id": "904941370038",
            "tags": null
          },
          "private": "eyJzY2hlbWFfdmVyc2lvbiI6IjEifQ=="
        }
      ]
    },
    {
      "mode": "managed",
      "type": "aws_elb",
      "name": "control_plane",
      "provider": "provider.aws",
      "instances": [
        {
          "schema_version": 0,
          "attributes": {
            "access_logs": [],
            "arn": "arn:aws:elasticloadbalancing:eu-west-3:904941370038:loadbalancer/udagram-app-api-lb",
            "availability_zones": [
              "eu-west-3a",
              "eu-west-3b",
              "eu-west-3c"
            ],
            "connection_draining": false,
            "connection_draining_timeout": 300,
            "cross_zone_load_balancing": true,
            "dns_name": "udagram-app-api-lb-1666644130.eu-west-3.elb.amazonaws.com",
            "health_check": [
              {
                "healthy_threshold": 2,
                "interval": 30,
                "target": "HTTPS:6443/healthz",
                "timeout": 3,
                "unhealthy_threshold": 2
              }
            ],
            "id": "udagram-app-api-lb",
            "idle_timeout": 600,
            "instances": [
              "i-0339cf9eedc3bdc49",
              "i-08e96dfbe674117c0",
              "i-0ee01347295bf66e2"
            ],
            "internal": false,
            "listener": [
              {
                "instance_port": 6443,
                "instance_protocol": "tcp",
                "lb_port": 6443,
                "lb_protocol": "tcp",
                "ssl_certificate_id": ""
              }
            ],
            "name": "udagram-app-api-lb",
            "name_prefix": null,
            "security_groups": [
              "sg-007e7a7b6316b2a65",
              "sg-013ffaa679dbf39a1"
            ],
            "source_security_group": "904941370038/udagram-app-api-lb",
            "source_security_group_id": "sg-013ffaa679dbf39a1",
            "subnets": [
              "subnet-0110b0be752c69e30",
              "subnet-059cf5579ffa65db5",
              "subnet-0765caca07e574b3a"
            ],
            "tags": {
              "Cluster": "udagram-app",
              "kubernetes.io/cluster/udagram-app": "shared"
            },
            "zone_id": "Z3Q77PNBQS71R4"
          },
          "private": "bnVsbA==",
          "dependencies": [
            "aws_default_vpc.default",
            "aws_iam_instance_profile.profile",
            "aws_iam_role.role",
            "aws_instance.control_plane",
            "aws_key_pair.deployer",
            "aws_security_group.common",
            "aws_security_group.elb",
            "aws_subnet.public",
            "random_integer.cidr_block"
          ]
        }
      ]
    },
    {
      "mode": "managed",
      "type": "aws_iam_instance_profile",
      "name": "profile",
      "provider": "provider.aws",
      "instances": [
        {
          "schema_version": 0,
          "attributes": {
            "arn": "arn:aws:iam::904941370038:instance-profile/udagram-app-host",
            "create_date": "2020-08-13T06:30:54Z",
            "id": "udagram-app-host",
            "name": "udagram-app-host",
            "name_prefix": null,
            "path": "/",
            "role": "udagram-app-host",
            "unique_id": "AIPA5FMVVPK3L3LJYAPDJ"
          },
          "private": "bnVsbA==",
          "dependencies": [
            "aws_iam_role.role"
          ]
        }
      ]
    },
    {
      "mode": "managed",
      "type": "aws_iam_role",
      "name": "role",
      "provider": "provider.aws",
      "instances": [
        {
          "schema_version": 0,
          "attributes": {
            "arn": "arn:aws:iam::904941370038:role/udagram-app-host",
            "assume_role_policy": "{\"Version\":\"2012-10-17\",\"Statement\":[{\"Effect\":\"Allow\",\"Principal\":{\"Service\":\"ec2.amazonaws.com\"},\"Action\":\"sts:AssumeRole\"}]}",
            "create_date": "2020-08-13T06:30:53Z",
            "description": "",
            "force_detach_policies": false,
            "id": "udagram-app-host",
            "max_session_duration": 3600,
            "name": "udagram-app-host",
            "name_prefix": null,
            "path": "/",
            "permissions_boundary": null,
            "tags": null,
            "unique_id": "AROA5FMVVPK3G7KJ3X3DC"
          },
          "private": "bnVsbA=="
        }
      ]
    },
    {
      "mode": "managed",
      "type": "aws_iam_role_policy",
      "name": "policy",
      "provider": "provider.aws",
      "instances": [
        {
          "schema_version": 0,
          "attributes": {
            "id": "udagram-app-host:udagram-app-host",
            "name": "udagram-app-host",
            "name_prefix": null,
            "policy": "{\"Statement\":[{\"Action\":[\"ec2:*\"],\"Effect\":\"Allow\",\"Resource\":[\"*\"]},{\"Action\":[\"elasticloadbalancing:*\"],\"Effect\":\"Allow\",\"Resource\":[\"*\"]}],\"Version\":\"2012-10-17\"}",
            "role": "udagram-app-host"
          },
          "private": "bnVsbA==",
          "dependencies": [
            "aws_iam_role.role"
          ]
        }
      ]
    },
    {
      "mode": "managed",
      "type": "aws_instance",
      "name": "bastion",
      "provider": "provider.aws",
      "instances": [
        {
          "schema_version": 1,
          "attributes": {
            "ami": "ami-00f6fb16625871821",
            "arn": "arn:aws:ec2:eu-west-3:904941370038:instance/i-0ca47875cec359e15",
            "associate_public_ip_address": true,
            "availability_zone": "eu-west-3a",
            "cpu_core_count": 1,
            "cpu_threads_per_core": 2,
            "credit_specification": [
              {
                "cpu_credits": "unlimited"
              }
            ],
            "disable_api_termination": false,
            "ebs_block_device": [],
            "ebs_optimized": false,
            "ephemeral_block_device": [],
            "get_password_data": false,
            "hibernation": false,
            "host_id": null,
            "iam_instance_profile": "",
            "id": "i-0ca47875cec359e15",
            "instance_initiated_shutdown_behavior": null,
            "instance_state": "running",
            "instance_type": "t3.nano",
            "ipv6_address_count": 0,
            "ipv6_addresses": [],
            "key_name": "udagram-app-deployer-key",
            "metadata_options": [
              {
                "http_endpoint": "enabled",
                "http_put_response_hop_limit": 1,
                "http_tokens": "optional"
              }
            ],
            "monitoring": false,
            "network_interface": [],
            "outpost_arn": "",
            "password_data": "",
            "placement_group": "",
            "primary_network_interface_id": "eni-0a192650916e4643d",
            "private_dns": "ip-172-31-48-251.eu-west-3.compute.internal",
            "private_ip": "172.31.48.251",
            "public_dns": "ec2-35-180-158-228.eu-west-3.compute.amazonaws.com",
            "public_ip": "35.180.158.228",
            "root_block_device": [
              {
                "delete_on_termination": true,
                "device_name": "/dev/sda1",
                "encrypted": false,
                "iops": 300,
                "kms_key_id": "",
                "volume_id": "vol-09307717652b55112",
                "volume_size": 100,
                "volume_type": "gp2"
              }
            ],
            "secondary_private_ips": [],
            "security_groups": [
              "udagram-app-common",
              "udagram-app-ssh"
            ],
            "source_dest_check": true,
            "subnet_id": "subnet-0110b0be752c69e30",
            "tags": {
              "Cluster": "udagram-app",
              "Name": "udagram-app-bastion",
              "kubernetes.io/cluster/udagram-app": "shared"
            },
            "tenancy": "default",
            "timeouts": null,
            "user_data": null,
            "user_data_base64": null,
            "volume_tags": {},
            "vpc_security_group_ids": [
              "sg-007e7a7b6316b2a65",
              "sg-04d2d024507a46b5c"
            ]
          },
          "private": "eyJlMmJmYjczMC1lY2FhLTExZTYtOGY4OC0zNDM2M2JjN2M0YzAiOnsiY3JlYXRlIjo2MDAwMDAwMDAwMDAsImRlbGV0ZSI6MTIwMDAwMDAwMDAwMCwidXBkYXRlIjo2MDAwMDAwMDAwMDB9LCJzY2hlbWFfdmVyc2lvbiI6IjEifQ==",
          "dependencies": [
            "aws_default_vpc.default",
            "aws_key_pair.deployer",
            "aws_security_group.common",
            "aws_security_group.ssh",
            "aws_subnet.public",
            "random_integer.cidr_block"
          ]
        }
      ]
    },
    {
      "mode": "managed",
      "type": "aws_instance",
      "name": "control_plane",
      "each": "list",
      "provider": "provider.aws",
      "instances": [
        {
          "index_key": 0,
          "schema_version": 1,
          "attributes": {
            "ami": "ami-00f6fb16625871821",
            "arn": "arn:aws:ec2:eu-west-3:904941370038:instance/i-0339cf9eedc3bdc49",
            "associate_public_ip_address": true,
            "availability_zone": "eu-west-3a",
            "cpu_core_count": 1,
            "cpu_threads_per_core": 2,
            "credit_specification": [
              {
                "cpu_credits": "unlimited"
              }
            ],
            "disable_api_termination": false,
            "ebs_block_device": [],
            "ebs_optimized": true,
            "ephemeral_block_device": [],
            "get_password_data": false,
            "hibernation": false,
            "host_id": null,
            "iam_instance_profile": "udagram-app-host",
            "id": "i-0339cf9eedc3bdc49",
            "instance_initiated_shutdown_behavior": null,
            "instance_state": "running",
            "instance_type": "t3.medium",
            "ipv6_address_count": 0,
            "ipv6_addresses": [],
            "key_name": "udagram-app-deployer-key",
            "metadata_options": [
              {
                "http_endpoint": "enabled",
                "http_put_response_hop_limit": 1,
                "http_tokens": "optional"
              }
            ],
            "monitoring": false,
            "network_interface": [],
            "outpost_arn": "",
            "password_data": "",
            "placement_group": "",
            "primary_network_interface_id": "eni-09b0e729e83b5fe61",
            "private_dns": "ip-172-31-48-9.eu-west-3.compute.internal",
            "private_ip": "172.31.48.9",
            "public_dns": "ec2-35-180-203-149.eu-west-3.compute.amazonaws.com",
            "public_ip": "35.180.203.149",
            "root_block_device": [
              {
                "delete_on_termination": true,
                "device_name": "/dev/sda1",
                "encrypted": false,
                "iops": 300,
                "kms_key_id": "",
                "volume_id": "vol-0a547761dc2a205bd",
                "volume_size": 100,
                "volume_type": "gp2"
              }
            ],
            "secondary_private_ips": [],
            "security_groups": [
              "udagram-app-common"
            ],
            "source_dest_check": true,
            "subnet_id": "subnet-0110b0be752c69e30",
            "tags": {
              "Name": "udagram-app-cp-1",
              "kubernetes.io/cluster/udagram-app": "shared"
            },
            "tenancy": "default",
            "timeouts": null,
            "user_data": null,
            "user_data_base64": null,
            "volume_tags": {},
            "vpc_security_group_ids": [
              "sg-007e7a7b6316b2a65"
            ]
          },
          "private": "eyJlMmJmYjczMC1lY2FhLTExZTYtOGY4OC0zNDM2M2JjN2M0YzAiOnsiY3JlYXRlIjo2MDAwMDAwMDAwMDAsImRlbGV0ZSI6MTIwMDAwMDAwMDAwMCwidXBkYXRlIjo2MDAwMDAwMDAwMDB9LCJzY2hlbWFfdmVyc2lvbiI6IjEifQ==",
          "dependencies": [
            "aws_default_vpc.default",
            "aws_iam_instance_profile.profile",
            "aws_iam_role.role",
            "aws_key_pair.deployer",
            "aws_security_group.common",
            "aws_subnet.public",
            "random_integer.cidr_block"
          ]
        },
        {
          "index_key": 1,
          "schema_version": 1,
          "attributes": {
            "ami": "ami-00f6fb16625871821",
            "arn": "arn:aws:ec2:eu-west-3:904941370038:instance/i-0ee01347295bf66e2",
            "associate_public_ip_address": true,
            "availability_zone": "eu-west-3b",
            "cpu_core_count": 1,
            "cpu_threads_per_core": 2,
            "credit_specification": [
              {
                "cpu_credits": "unlimited"
              }
            ],
            "disable_api_termination": false,
            "ebs_block_device": [],
            "ebs_optimized": true,
            "ephemeral_block_device": [],
            "get_password_data": false,
            "hibernation": false,
            "host_id": null,
            "iam_instance_profile": "udagram-app-host",
            "id": "i-0ee01347295bf66e2",
            "instance_initiated_shutdown_behavior": null,
            "instance_state": "running",
            "instance_type": "t3.medium",
            "ipv6_address_count": 0,
            "ipv6_addresses": [],
            "key_name": "udagram-app-deployer-key",
            "metadata_options": [
              {
                "http_endpoint": "enabled",
                "http_put_response_hop_limit": 1,
                "http_tokens": "optional"
              }
            ],
            "monitoring": false,
            "network_interface": [],
            "outpost_arn": "",
            "password_data": "",
            "placement_group": "",
            "primary_network_interface_id": "eni-00cb1e8395411514b",
            "private_dns": "ip-172-31-49-165.eu-west-3.compute.internal",
            "private_ip": "172.31.49.165",
            "public_dns": "ec2-35-180-90-108.eu-west-3.compute.amazonaws.com",
            "public_ip": "35.180.90.108",
            "root_block_device": [
              {
                "delete_on_termination": true,
                "device_name": "/dev/sda1",
                "encrypted": false,
                "iops": 300,
                "kms_key_id": "",
                "volume_id": "vol-0e2890c4c274bdb58",
                "volume_size": 100,
                "volume_type": "gp2"
              }
            ],
            "secondary_private_ips": [],
            "security_groups": [
              "udagram-app-common"
            ],
            "source_dest_check": true,
            "subnet_id": "subnet-0765caca07e574b3a",
            "tags": {
              "Name": "udagram-app-cp-2",
              "kubernetes.io/cluster/udagram-app": "shared"
            },
            "tenancy": "default",
            "timeouts": null,
            "user_data": null,
            "user_data_base64": null,
            "volume_tags": {},
            "vpc_security_group_ids": [
              "sg-007e7a7b6316b2a65"
            ]
          },
          "private": "eyJlMmJmYjczMC1lY2FhLTExZTYtOGY4OC0zNDM2M2JjN2M0YzAiOnsiY3JlYXRlIjo2MDAwMDAwMDAwMDAsImRlbGV0ZSI6MTIwMDAwMDAwMDAwMCwidXBkYXRlIjo2MDAwMDAwMDAwMDB9LCJzY2hlbWFfdmVyc2lvbiI6IjEifQ==",
          "dependencies": [
            "aws_default_vpc.default",
            "aws_iam_instance_profile.profile",
            "aws_iam_role.role",
            "aws_key_pair.deployer",
            "aws_security_group.common",
            "aws_subnet.public",
            "random_integer.cidr_block"
          ]
        },
        {
          "index_key": 2,
          "schema_version": 1,
          "attributes": {
            "ami": "ami-00f6fb16625871821",
            "arn": "arn:aws:ec2:eu-west-3:904941370038:instance/i-08e96dfbe674117c0",
            "associate_public_ip_address": true,
            "availability_zone": "eu-west-3c",
            "cpu_core_count": 1,
            "cpu_threads_per_core": 2,
            "credit_specification": [
              {
                "cpu_credits": "unlimited"
              }
            ],
            "disable_api_termination": false,
            "ebs_block_device": [],
            "ebs_optimized": true,
            "ephemeral_block_device": [],
            "get_password_data": false,
            "hibernation": false,
            "host_id": null,
            "iam_instance_profile": "udagram-app-host",
            "id": "i-08e96dfbe674117c0",
            "instance_initiated_shutdown_behavior": null,
            "instance_state": "running",
            "instance_type": "t3.medium",
            "ipv6_address_count": 0,
            "ipv6_addresses": [],
            "key_name": "udagram-app-deployer-key",
            "metadata_options": [
              {
                "http_endpoint": "enabled",
                "http_put_response_hop_limit": 1,
                "http_tokens": "optional"
              }
            ],
            "monitoring": false,
            "network_interface": [],
            "outpost_arn": "",
            "password_data": "",
            "placement_group": "",
            "primary_network_interface_id": "eni-0efee728c5059aede",
            "private_dns": "ip-172-31-50-242.eu-west-3.compute.internal",
            "private_ip": "172.31.50.242",
            "public_dns": "ec2-15-188-11-222.eu-west-3.compute.amazonaws.com",
            "public_ip": "15.188.11.222",
            "root_block_device": [
              {
                "delete_on_termination": true,
                "device_name": "/dev/sda1",
                "encrypted": false,
                "iops": 300,
                "kms_key_id": "",
                "volume_id": "vol-07660207d6a98e592",
                "volume_size": 100,
                "volume_type": "gp2"
              }
            ],
            "secondary_private_ips": [],
            "security_groups": [
              "udagram-app-common"
            ],
            "source_dest_check": true,
            "subnet_id": "subnet-059cf5579ffa65db5",
            "tags": {
              "Name": "udagram-app-cp-3",
              "kubernetes.io/cluster/udagram-app": "shared"
            },
            "tenancy": "default",
            "timeouts": null,
            "user_data": null,
            "user_data_base64": null,
            "volume_tags": {},
            "vpc_security_group_ids": [
              "sg-007e7a7b6316b2a65"
            ]
          },
          "private": "eyJlMmJmYjczMC1lY2FhLTExZTYtOGY4OC0zNDM2M2JjN2M0YzAiOnsiY3JlYXRlIjo2MDAwMDAwMDAwMDAsImRlbGV0ZSI6MTIwMDAwMDAwMDAwMCwidXBkYXRlIjo2MDAwMDAwMDAwMDB9LCJzY2hlbWFfdmVyc2lvbiI6IjEifQ==",
          "dependencies": [
            "aws_default_vpc.default",
            "aws_iam_instance_profile.profile",
            "aws_iam_role.role",
            "aws_key_pair.deployer",
            "aws_security_group.common",
            "aws_subnet.public",
            "random_integer.cidr_block"
          ]
        }
      ]
    },
    {
      "mode": "managed",
      "type": "aws_key_pair",
      "name": "deployer",
      "provider": "provider.aws",
      "instances": [
        {
          "schema_version": 1,
          "attributes": {
            "arn": "arn:aws:ec2:eu-west-3:904941370038:key-pair/udagram-app-deployer-key",
            "fingerprint": "9e:de:20:08:13:4b:b0:2d:4a:89:59:1d:12:7e:ee:e0",
            "id": "udagram-app-deployer-key",
            "key_name": "udagram-app-deployer-key",
            "key_name_prefix": null,
            "key_pair_id": "key-0d8a025f91e747ed7",
            "public_key": "ssh-rsa AAAAB3NzaC1yc2EAAAADAQABAAACAQDKH6ACI8+HUjgw/VK6aFVExzI0frr9L4mX5ipE4N4ORuvIkO9/AoE/qR5XOia56W9R0qqx9tUdlGxHOllw8xjUHjcZ03jxdJujdikYevuGbkOtr2wutL4h2zWTTUUQ8CDgGiKlPuke+ZA02HNWNU6CjMlen96hvlJav1ySo4CVTGUVOXy5/n0KmADn8FYAPxQ0FlTzHEfPUVBreWzV9bCuKgCd2MkwPRzXTSiglU95T6dh6XG1EC/DIW4tT4Wbzo9leKhEC7Frfej03MMBDcRLUff6Q/V6KTeQ2ZCtWNciJQDs9PiI4WHmijryugDS6vivkPLfLUkdTKgnZ7oNScd3y0lTy8Juoyt5DxUzDjJI6ashq+eoxLL5SgdqOvycdX3mZ4TVeU2ysCD+b3WxSuW403XnBtLVflSGvk2IT2Eppb+tycgxARfPSOobllbhxc5hmX21s6MmYLfl8/fORfHjkJcFssA1WggmqjcblcwtWVoVxWwef2WaSy65UPQldEJgEBPzIzjIx3hB1r2i8rwKbNRRkqR2jyB/YkHvi+te4Nosgcy3eHTV8Gz40wiHrchuBvaC0MBKhBSXMakmvJ8hELxVOWeGEHaN4YklYKNBIqAJUAtl7J0DdFbTfCxEYew/2VlUAfUmi1n5g35EnFp+xywi1cuIM/qAqjK0qCgIHQ== rickwarling@gmail.com",
            "tags": null
          },
          "private": "eyJzY2hlbWFfdmVyc2lvbiI6IjEifQ=="
        }
      ]
    },
    {
      "mode": "managed",
      "type": "aws_security_group",
      "name": "common",
      "provider": "provider.aws",
      "instances": [
        {
          "schema_version": 1,
          "attributes": {
            "arn": "arn:aws:ec2:eu-west-3:904941370038:security-group/sg-007e7a7b6316b2a65",
            "description": "cluster common rules",
            "egress": [],
            "id": "sg-007e7a7b6316b2a65",
            "ingress": [],
            "name": "udagram-app-common",
            "name_prefix": "",
            "owner_id": "904941370038",
            "revoke_rules_on_delete": false,
            "tags": {
              "Cluster": "udagram-app",
              "kubernetes.io/cluster/udagram-app": "shared"
            },
            "timeouts": null,
            "vpc_id": "vpc-ce1228a7"
          },
          "private": "eyJlMmJmYjczMC1lY2FhLTExZTYtOGY4OC0zNDM2M2JjN2M0YzAiOnsiY3JlYXRlIjo2MDAwMDAwMDAwMDAsImRlbGV0ZSI6NjAwMDAwMDAwMDAwfSwic2NoZW1hX3ZlcnNpb24iOiIxIn0=",
          "dependencies": [
            "aws_default_vpc.default"
          ]
        }
      ]
    },
    {
      "mode": "managed",
      "type": "aws_security_group",
      "name": "elb",
      "provider": "provider.aws",
      "instances": [
        {
          "schema_version": 1,
          "attributes": {
            "arn": "arn:aws:ec2:eu-west-3:904941370038:security-group/sg-013ffaa679dbf39a1",
            "description": "kube-api firewall",
            "egress": [
              {
                "cidr_blocks": [
                  "0.0.0.0/0"
                ],
                "description": "allow all outgoing traffic",
                "from_port": 0,
                "ipv6_cidr_blocks": [],
                "prefix_list_ids": [],
                "protocol": "-1",
                "security_groups": [],
                "self": false,
                "to_port": 0
              }
            ],
            "id": "sg-013ffaa679dbf39a1",
            "ingress": [
              {
                "cidr_blocks": [
                  "0.0.0.0/0"
                ],
                "description": "allow anyone to connect to tcp/6443",
                "from_port": 6443,
                "ipv6_cidr_blocks": [],
                "prefix_list_ids": [],
                "protocol": "tcp",
                "security_groups": [],
                "self": false,
                "to_port": 6443
              }
            ],
            "name": "udagram-app-api-lb",
            "name_prefix": "",
            "owner_id": "904941370038",
            "revoke_rules_on_delete": false,
            "tags": {
              "Cluster": "udagram-app"
            },
            "timeouts": null,
            "vpc_id": "vpc-ce1228a7"
          },
          "private": "eyJlMmJmYjczMC1lY2FhLTExZTYtOGY4OC0zNDM2M2JjN2M0YzAiOnsiY3JlYXRlIjo2MDAwMDAwMDAwMDAsImRlbGV0ZSI6NjAwMDAwMDAwMDAwfSwic2NoZW1hX3ZlcnNpb24iOiIxIn0=",
          "dependencies": [
            "aws_default_vpc.default"
          ]
        }
      ]
    },
    {
      "mode": "managed",
      "type": "aws_security_group",
      "name": "ssh",
      "provider": "provider.aws",
      "instances": [
        {
          "schema_version": 1,
          "attributes": {
            "arn": "arn:aws:ec2:eu-west-3:904941370038:security-group/sg-04d2d024507a46b5c",
            "description": "ssh access",
            "egress": [],
            "id": "sg-04d2d024507a46b5c",
            "ingress": [
              {
                "cidr_blocks": [
                  "0.0.0.0/0"
                ],
                "description": "allow incomming SSH",
                "from_port": 22,
                "ipv6_cidr_blocks": [],
                "prefix_list_ids": [],
                "protocol": "tcp",
                "security_groups": [],
                "self": false,
                "to_port": 22
              }
            ],
            "name": "udagram-app-ssh",
            "name_prefix": "",
            "owner_id": "904941370038",
            "revoke_rules_on_delete": false,
            "tags": {
              "Cluster": "udagram-app"
            },
            "timeouts": null,
            "vpc_id": "vpc-ce1228a7"
          },
          "private": "eyJlMmJmYjczMC1lY2FhLTExZTYtOGY4OC0zNDM2M2JjN2M0YzAiOnsiY3JlYXRlIjo2MDAwMDAwMDAwMDAsImRlbGV0ZSI6NjAwMDAwMDAwMDAwfSwic2NoZW1hX3ZlcnNpb24iOiIxIn0=",
          "dependencies": [
            "aws_default_vpc.default"
          ]
        }
      ]
    },
    {
      "mode": "managed",
      "type": "aws_security_group_rule",
      "name": "egress_allow_all",
      "provider": "provider.aws",
      "instances": [
        {
          "schema_version": 2,
          "attributes": {
            "cidr_blocks": [
              "0.0.0.0/0"
            ],
            "description": "allow all outgoing traffic",
            "from_port": 0,
            "id": "sgrule-1576420789",
            "ipv6_cidr_blocks": null,
            "prefix_list_ids": null,
            "protocol": "-1",
            "security_group_id": "sg-007e7a7b6316b2a65",
            "self": false,
            "source_security_group_id": null,
            "to_port": 0,
            "type": "egress"
          },
          "private": "eyJzY2hlbWFfdmVyc2lvbiI6IjIifQ==",
          "dependencies": [
            "aws_default_vpc.default",
            "aws_security_group.common"
          ]
        }
      ]
    },
    {
      "mode": "managed",
      "type": "aws_security_group_rule",
      "name": "ingress_self_allow_all",
      "provider": "provider.aws",
      "instances": [
        {
          "schema_version": 2,
          "attributes": {
            "cidr_blocks": null,
            "description": "allow all incomming traffic from members of this group",
            "from_port": 0,
            "id": "sgrule-2711695926",
            "ipv6_cidr_blocks": null,
            "prefix_list_ids": null,
            "protocol": "-1",
            "security_group_id": "sg-007e7a7b6316b2a65",
            "self": true,
            "source_security_group_id": null,
            "to_port": 0,
            "type": "ingress"
          },
          "private": "eyJzY2hlbWFfdmVyc2lvbiI6IjIifQ==",
          "dependencies": [
            "aws_default_vpc.default",
            "aws_security_group.common"
          ]
        }
      ]
    },
    {
      "mode": "managed",
      "type": "aws_security_group_rule",
      "name": "nodeports",
      "each": "list",
      "provider": "provider.aws",
      "instances": []
    },
    {
      "mode": "managed",
      "type": "aws_subnet",
      "name": "public",
      "each": "list",
      "provider": "provider.aws",
      "instances": [
        {
          "index_key": 0,
          "schema_version": 1,
          "attributes": {
            "arn": "arn:aws:ec2:eu-west-3:904941370038:subnet/subnet-0110b0be752c69e30",
            "assign_ipv6_address_on_creation": false,
            "availability_zone": "eu-west-3a",
            "availability_zone_id": "euw3-az1",
            "cidr_block": "172.31.48.0/24",
            "id": "subnet-0110b0be752c69e30",
            "ipv6_cidr_block": "",
            "ipv6_cidr_block_association_id": "",
            "map_public_ip_on_launch": true,
            "outpost_arn": "",
            "owner_id": "904941370038",
            "tags": {
              "Cluster": "udagram-app",
              "Name": "udagram-app-eu-west-3a",
              "kubernetes.io/cluster/udagram-app": "shared"
            },
            "timeouts": null,
            "vpc_id": "vpc-ce1228a7"
          },
          "private": "eyJlMmJmYjczMC1lY2FhLTExZTYtOGY4OC0zNDM2M2JjN2M0YzAiOnsiY3JlYXRlIjo2MDAwMDAwMDAwMDAsImRlbGV0ZSI6MTIwMDAwMDAwMDAwMH0sInNjaGVtYV92ZXJzaW9uIjoiMSJ9",
          "dependencies": [
            "aws_default_vpc.default",
            "random_integer.cidr_block"
          ]
        },
        {
          "index_key": 1,
          "schema_version": 1,
          "attributes": {
            "arn": "arn:aws:ec2:eu-west-3:904941370038:subnet/subnet-0765caca07e574b3a",
            "assign_ipv6_address_on_creation": false,
            "availability_zone": "eu-west-3b",
            "availability_zone_id": "euw3-az2",
            "cidr_block": "172.31.49.0/24",
            "id": "subnet-0765caca07e574b3a",
            "ipv6_cidr_block": "",
            "ipv6_cidr_block_association_id": "",
            "map_public_ip_on_launch": true,
            "outpost_arn": "",
            "owner_id": "904941370038",
            "tags": {
              "Cluster": "udagram-app",
              "Name": "udagram-app-eu-west-3b",
              "kubernetes.io/cluster/udagram-app": "shared"
            },
            "timeouts": null,
            "vpc_id": "vpc-ce1228a7"
          },
          "private": "eyJlMmJmYjczMC1lY2FhLTExZTYtOGY4OC0zNDM2M2JjN2M0YzAiOnsiY3JlYXRlIjo2MDAwMDAwMDAwMDAsImRlbGV0ZSI6MTIwMDAwMDAwMDAwMH0sInNjaGVtYV92ZXJzaW9uIjoiMSJ9",
          "dependencies": [
            "aws_default_vpc.default",
            "random_integer.cidr_block"
          ]
        },
        {
          "index_key": 2,
          "schema_version": 1,
          "attributes": {
            "arn": "arn:aws:ec2:eu-west-3:904941370038:subnet/subnet-059cf5579ffa65db5",
            "assign_ipv6_address_on_creation": false,
            "availability_zone": "eu-west-3c",
            "availability_zone_id": "euw3-az3",
            "cidr_block": "172.31.50.0/24",
            "id": "subnet-059cf5579ffa65db5",
            "ipv6_cidr_block": "",
            "ipv6_cidr_block_association_id": "",
            "map_public_ip_on_launch": true,
            "outpost_arn": "",
            "owner_id": "904941370038",
            "tags": {
              "Cluster": "udagram-app",
              "Name": "udagram-app-eu-west-3c",
              "kubernetes.io/cluster/udagram-app": "shared"
            },
            "timeouts": null,
            "vpc_id": "vpc-ce1228a7"
          },
          "private": "eyJlMmJmYjczMC1lY2FhLTExZTYtOGY4OC0zNDM2M2JjN2M0YzAiOnsiY3JlYXRlIjo2MDAwMDAwMDAwMDAsImRlbGV0ZSI6MTIwMDAwMDAwMDAwMH0sInNjaGVtYV92ZXJzaW9uIjoiMSJ9",
          "dependencies": [
            "aws_default_vpc.default",
            "random_integer.cidr_block"
          ]
        }
      ]
    },
    {
      "mode": "managed",
      "type": "random_integer",
      "name": "cidr_block",
      "provider": "provider.random",
      "instances": [
        {
          "schema_version": 0,
          "attributes": {
            "id": "48",
            "keepers": null,
            "max": 255,
            "min": 0,
            "result": 48,
            "seed": null
          },
          "private": "bnVsbA==",
          "dependencies": [
            "aws_default_vpc.default"
          ]
        }
      ]
    }
  ]
}
